// !$*UTF8*$!
{
	archiveVersion = 1;
	classes = {
	};
	objectVersion = 46;
	objects = {

/* Begin PBXBuildFile section */
		DDD1BD631D7076C6005B1A98 /* Extensions.swift in Sources */ = {isa = PBXBuildFile; fileRef = DDD1BD5F1D7076C6005B1A98 /* Extensions.swift */; };
		DDD1BD641D7076C6005B1A98 /* Generic Lexer.swift in Sources */ = {isa = PBXBuildFile; fileRef = DDD1BD601D7076C6005B1A98 /* Generic Lexer.swift */; };
		DDD1BD651D7076C6005B1A98 /* main.swift in Sources */ = {isa = PBXBuildFile; fileRef = DDD1BD611D7076C6005B1A98 /* main.swift */; };
		DDD1BD661D7076C6005B1A98 /* Token.swift in Sources */ = {isa = PBXBuildFile; fileRef = DDD1BD621D7076C6005B1A98 /* Token.swift */; };
/* End PBXBuildFile section */

/* Begin PBXCopyFilesBuildPhase section */
		DD54B49C1D7073E30030013E /* CopyFiles */ = {
			isa = PBXCopyFilesBuildPhase;
			buildActionMask = 2147483647;
			dstPath = /usr/share/man/man1/;
			dstSubfolderSpec = 0;
			files = (
			);
			runOnlyForDeploymentPostprocessing = 1;
		};
/* End PBXCopyFilesBuildPhase section */

/* Begin PBXFileReference section */
		DD54B49E1D7073E30030013E /* Literal Lexer */ = {isa = PBXFileReference; explicitFileType = "compiled.mach-o.executable"; includeInIndex = 0; path = "Literal Lexer"; sourceTree = BUILT_PRODUCTS_DIR; };
		DDD1BD5F1D7076C6005B1A98 /* Extensions.swift */ = {isa = PBXFileReference; fileEncoding = 4; lastKnownFileType = sourcecode.swift; path = Extensions.swift; sourceTree = "<group>"; };
		DDD1BD601D7076C6005B1A98 /* Generic Lexer.swift */ = {isa = PBXFileReference; fileEncoding = 4; lastKnownFileType = sourcecode.swift; path = "Generic Lexer.swift"; sourceTree = "<group>"; };
		DDD1BD611D7076C6005B1A98 /* main.swift */ = {isa = PBXFileReference; fileEncoding = 4; lastKnownFileType = sourcecode.swift; path = main.swift; sourceTree = "<group>"; };
		DDD1BD621D7076C6005B1A98 /* Token.swift */ = {isa = PBXFileReference; fileEncoding = 4; lastKnownFileType = sourcecode.swift; path = Token.swift; sourceTree = "<group>"; };
/* End PBXFileReference section */

/* Begin PBXFrameworksBuildPhase section */
		DD54B49B1D7073E30030013E /* Frameworks */ = {
			isa = PBXFrameworksBuildPhase;
			buildActionMask = 2147483647;
			files = (
			);
			runOnlyForDeploymentPostprocessing = 0;
		};
/* End PBXFrameworksBuildPhase section */

/* Begin PBXGroup section */
		DD54B4951D7073E30030013E = {
			isa = PBXGroup;
			children = (
				DD54B4A01D7073E30030013E /* Literal Lexer */,
				DD54B49F1D7073E30030013E /* Products */,
			);
			sourceTree = "<group>";
		};
		DD54B49F1D7073E30030013E /* Products */ = {
			isa = PBXGroup;
			children = (
				DD54B49E1D7073E30030013E /* Literal Lexer */,
			);
			name = Products;
			sourceTree = "<group>";
		};
		DD54B4A01D7073E30030013E /* Literal Lexer */ = {
			isa = PBXGroup;
			children = (
				DDD1BD671D7076CF005B1A98 /* Generic Lexer */,
				DDD1BD611D7076C6005B1A98 /* main.swift */,
				DDD1BD621D7076C6005B1A98 /* Token.swift */,
				DDD1BD5F1D7076C6005B1A98 /* Extensions.swift */,
			);
			path = "Literal Lexer";
			sourceTree = "<group>";
		};
		DDD1BD671D7076CF005B1A98 /* Generic Lexer */ = {
			isa = PBXGroup;
			children = (
				DDD1BD601D7076C6005B1A98 /* Generic Lexer.swift */,
			);
			name = "Generic Lexer";
			sourceTree = "<group>";
		};
/* End PBXGroup section */

/* Begin PBXNativeTarget section */
		DD54B49D1D7073E30030013E /* Literal Lexer */ = {
			isa = PBXNativeTarget;
			buildConfigurationList = DD54B4A51D7073E30030013E /* Build configuration list for PBXNativeTarget "Literal Lexer" */;
			buildPhases = (
				DD54B49A1D7073E30030013E /* Sources */,
				DD54B49B1D7073E30030013E /* Frameworks */,
				DD54B49C1D7073E30030013E /* CopyFiles */,
			);
			buildRules = (
			);
			dependencies = (
			);
			name = "Literal Lexer";
			productName = "Literal Lexer";
			productReference = DD54B49E1D7073E30030013E /* Literal Lexer */;
			productType = "com.apple.product-type.tool";
		};
/* End PBXNativeTarget section */

/* Begin PBXProject section */
		DD54B4961D7073E30030013E /* Project object */ = {
			isa = PBXProject;
			attributes = {
				LastSwiftUpdateCheck = 0800;
				LastUpgradeCheck = 0800;
				ORGANIZATIONNAME = "Marcus Rossel";
				TargetAttributes = {
					DD54B49D1D7073E30030013E = {
						CreatedOnToolsVersion = 8.0;
						DevelopmentTeam = 8YSJ38HAEZ;
						DevelopmentTeamName = "Marcus Rossel (Personal Team)";
						LastSwiftMigration = 0800;
						ProvisioningStyle = Automatic;
					};
				};
			};
			buildConfigurationList = DD54B4991D7073E30030013E /* Build configuration list for PBXProject "Literal Lexer" */;
			compatibilityVersion = "Xcode 3.2";
			developmentRegion = English;
			hasScannedForEncodings = 0;
			knownRegions = (
				en,
			);
			mainGroup = DD54B4951D7073E30030013E;
			productRefGroup = DD54B49F1D7073E30030013E /* Products */;
			projectDirPath = "";
			projectRoot = "";
			targets = (
				DD54B49D1D7073E30030013E /* Literal Lexer */,
			);
		};
/* End PBXProject section */

/* Begin PBXSourcesBuildPhase section */
		DD54B49A1D7073E30030013E /* Sources */ = {
			isa = PBXSourcesBuildPhase;
			buildActionMask = 2147483647;
			files = (
				DDD1BD631D7076C6005B1A98 /* Extensions.swift in Sources */,
				DDD1BD641D7076C6005B1A98 /* Generic Lexer.swift in Sources */,
				DDD1BD651D7076C6005B1A98 /* main.swift in Sources */,
				DDD1BD661D7076C6005B1A98 /* Token.swift in Sources */,
			);
			runOnlyForDeploymentPostprocessing = 0;
		};
/* End PBXSourcesBuildPhase section */

/* Begin XCBuildConfiguration section */
		DD54B4A31D7073E30030013E /* Debug */ = {
			isa = XCBuildConfiguration;
			buildSettings = {
				ALWAYS_SEARCH_USER_PATHS = NO;
				CLANG_ANALYZER_NONNULL = YES;
				CLANG_CXX_LANGUAGE_STANDARD = "gnu++0x";
				CLANG_CXX_LIBRARY = "libc++";
				CLANG_ENABLE_MODULES = YES;
				CLANG_ENABLE_OBJC_ARC = YES;
				CLANG_WARN_BOOL_CONVERSION = YES;
				CLANG_WARN_CONSTANT_CONVERSION = YES;
				CLANG_WARN_DIRECT_OBJC_ISA_USAGE = YES_ERROR;
				CLANG_WARN_DOCUMENTATION_COMMENTS = YES;
				CLANG_WARN_EMPTY_BODY = YES;
				CLANG_WARN_ENUM_CONVERSION = YES;
				CLANG_WARN_INT_CONVERSION = YES;
				CLANG_WARN_OBJC_ROOT_CLASS = YES_ERROR;
				CLANG_WARN_UNREACHABLE_CODE = YES;
				CLANG_WARN__DUPLICATE_METHOD_MATCH = YES;
				CODE_SIGN_IDENTITY = "-";
				COPY_PHASE_STRIP = NO;
				DEBUG_INFORMATION_FORMAT = dwarf;
				ENABLE_STRICT_OBJC_MSGSEND = YES;
				ENABLE_TESTABILITY = YES;
				GCC_C_LANGUAGE_STANDARD = gnu99;
				GCC_DYNAMIC_NO_PIC = NO;
				GCC_NO_COMMON_BLOCKS = YES;
				GCC_OPTIMIZATION_LEVEL = 0;
				GCC_PREPROCESSOR_DEFINITIONS = (
					"DEBUG=1",
					"$(inherited)",
				);
				GCC_WARN_64_TO_32_BIT_CONVERSION = YES;
				GCC_WARN_ABOUT_RETURN_TYPE = YES_ERROR;
				GCC_WARN_UNDECLARED_SELECTOR = YES;
				GCC_WARN_UNINITIALIZED_AUTOS = YES_AGGRESSIVE;
				GCC_WARN_UNUSED_FUNCTION = YES;
				GCC_WARN_UNUSED_VARIABLE = YES;
				MACOSX_DEPLOYMENT_TARGET = 10.12;
				MTL_ENABLE_DEBUG_INFO = YES;
				ONLY_ACTIVE_ARCH = YES;
				SDKROOT = macosx;
				SWIFT_OPTIMIZATION_LEVEL = "-Onone";
			};
			name = Debug;
		};
		DD54B4A41D7073E30030013E /* Release */ = {
			isa = XCBuildConfiguration;
			buildSettings = {
				ALWAYS_SEARCH_USER_PATHS = NO;
				CLANG_ANALYZER_NONNULL = YES;
				CLANG_CXX_LANGUAGE_STANDARD = "gnu++0x";
				CLANG_CXX_LIBRARY = "libc++";
				CLANG_ENABLE_MODULES = YES;
				CLANG_ENABLE_OBJC_ARC = YES;
				CLANG_WARN_BOOL_CONVERSION = YES;
				CLANG_WARN_CONSTANT_CONVERSION = YES;
				CLANG_WARN_DIRECT_OBJC_ISA_USAGE = YES_ERROR;
				CLANG_WARN_DOCUMENTATION_COMMENTS = YES;
				CLANG_WARN_EMPTY_BODY = YES;
				CLANG_WARN_ENUM_CONVERSION = YES;
				CLANG_WARN_INT_CONVERSION = YES;
				CLANG_WARN_OBJC_ROOT_CLASS = YES_ERROR;
				CLANG_WARN_UNREACHABLE_CODE = YES;
				CLANG_WARN__DUPLICATE_METHOD_MATCH = YES;
				CODE_SIGN_IDENTITY = "-";
				COPY_PHASE_STRIP = NO;
				DEBUG_INFORMATION_FORMAT = "dwarf-with-dsym";
				ENABLE_NS_ASSERTIONS = NO;
				ENABLE_STRICT_OBJC_MSGSEND = YES;
				GCC_C_LANGUAGE_STANDARD = gnu99;
				GCC_NO_COMMON_BLOCKS = YES;
				GCC_WARN_64_TO_32_BIT_CONVERSION = YES;
				GCC_WARN_ABOUT_RETURN_TYPE = YES_ERROR;
				GCC_WARN_UNDECLARED_SELECTOR = YES;
				GCC_WARN_UNINITIALIZED_AUTOS = YES_AGGRESSIVE;
				GCC_WARN_UNUSED_FUNCTION = YES;
				GCC_WARN_UNUSED_VARIABLE = YES;
				MACOSX_DEPLOYMENT_TARGET = 10.12;
				MTL_ENABLE_DEBUG_INFO = NO;
				SDKROOT = macosx;
			};
			name = Release;
		};
		DD54B4A61D7073E30030013E /* Debug */ = {
			isa = XCBuildConfiguration;
			buildSettings = {
				CLANG_ENABLE_MODULES = YES;
				LD_RUNPATH_SEARCH_PATHS = "$(inherited) @executable_path/../Frameworks @loader_path/../Frameworks";
				PRODUCT_NAME = "$(TARGET_NAME)";
				SWIFT_OPTIMIZATION_LEVEL = "-Onone";
				SWIFT_VERSION = 3.0;
			};
			name = Debug;
		};
		DD54B4A71D7073E30030013E /* Release */ = {
			isa = XCBuildConfiguration;
			buildSettings = {
				CLANG_ENABLE_MODULES = YES;
				LD_RUNPATH_SEARCH_PATHS = "$(inherited) @executable_path/../Frameworks @loader_path/../Frameworks";
				PRODUCT_NAME = "$(TARGET_NAME)";
				SWIFT_VERSION = 3.0;
			};
			name = Release;
		};
/* End XCBuildConfiguration section */

/* Begin XCConfigurationList section */
		DD54B4991D7073E30030013E /* Build configuration list for PBXProject "Literal Lexer" */ = {
			isa = XCConfigurationList;
			buildConfigurations = (
				DD54B4A31D7073E30030013E /* Debug */,
				DD54B4A41D7073E30030013E /* Release */,
			);
			defaultConfigurationIsVisible = 0;
			defaultConfigurationName = Release;
		};
		DD54B4A51D7073E30030013E /* Build configuration list for PBXNativeTarget "Literal Lexer" */ = {
			isa = XCConfigurationList;
			buildConfigurations = (
				DD54B4A61D7073E30030013E /* Debug */,
				DD54B4A71D7073E30030013E /* Release */,
			);
			defaultConfigurationIsVisible = 0;
			defaultConfigurationName = Release;
		};
/* End XCConfigurationList section */
	};
	rootObject = DD54B4961D7073E30030013E /* Project object */;
}
