// !$*UTF8*$!
{
	archiveVersion = 1;
	classes = {
	};
	objectVersion = 46;
	objects = {

/* Begin PBXBuildFile section */
		DD7835921D8006BC00B6B21C /* LiteralLexerTests.swift in Sources */ = {isa = PBXBuildFile; fileRef = DD7835911D8006BC00B6B21C /* LiteralLexerTests.swift */; };
		DD7835971D8009E600B6B21C /* Token.swift in Sources */ = {isa = PBXBuildFile; fileRef = DDD1BD621D7076C6005B1A98 /* Token.swift */; };
		DDCF82791D89A96E0040448E /* LexerProtocol.swift in Sources */ = {isa = PBXBuildFile; fileRef = DDCF82781D89A96E0040448E /* LexerProtocol.swift */; };
		DDCF827B1D89A9890040448E /* LiteralLexer.swift in Sources */ = {isa = PBXBuildFile; fileRef = DDCF827A1D89A9890040448E /* LiteralLexer.swift */; };
/* End PBXBuildFile section */

/* Begin PBXFileReference section */
		DD78358F1D8006BC00B6B21C /* LiteralLexerTests.xctest */ = {isa = PBXFileReference; explicitFileType = wrapper.cfbundle; includeInIndex = 0; path = LiteralLexerTests.xctest; sourceTree = BUILT_PRODUCTS_DIR; };
		DD7835911D8006BC00B6B21C /* LiteralLexerTests.swift */ = {isa = PBXFileReference; lastKnownFileType = sourcecode.swift; path = LiteralLexerTests.swift; sourceTree = "<group>"; };
		DD7835931D8006BC00B6B21C /* Info.plist */ = {isa = PBXFileReference; lastKnownFileType = text.plist.xml; path = Info.plist; sourceTree = "<group>"; };
		DDCF82781D89A96E0040448E /* LexerProtocol.swift */ = {isa = PBXFileReference; fileEncoding = 4; lastKnownFileType = sourcecode.swift; path = LexerProtocol.swift; sourceTree = "<group>"; };
		DDCF827A1D89A9890040448E /* LiteralLexer.swift */ = {isa = PBXFileReference; fileEncoding = 4; lastKnownFileType = sourcecode.swift; path = LiteralLexer.swift; sourceTree = "<group>"; };
		DDD1BD621D7076C6005B1A98 /* Token.swift */ = {isa = PBXFileReference; fileEncoding = 4; lastKnownFileType = sourcecode.swift; path = Token.swift; sourceTree = "<group>"; };
/* End PBXFileReference section */

/* Begin PBXFrameworksBuildPhase section */
		DD78358C1D8006BC00B6B21C /* Frameworks */ = {
			isa = PBXFrameworksBuildPhase;
			buildActionMask = 2147483647;
			files = (
			);
			runOnlyForDeploymentPostprocessing = 0;
		};
/* End PBXFrameworksBuildPhase section */

/* Begin PBXGroup section */
		DD54B4951D7073E30030013E = {
			isa = PBXGroup;
			children = (
				DD54B4A01D7073E30030013E /* Literal Lexer */,
				DDCF82811D89AFE40040448E /* Dependencies */,
				DD7835901D8006BC00B6B21C /* LiteralLexerTests */,
				DD54B49F1D7073E30030013E /* Products */,
			);
			sourceTree = "<group>";
		};
		DD54B49F1D7073E30030013E /* Products */ = {
			isa = PBXGroup;
			children = (
				DD78358F1D8006BC00B6B21C /* LiteralLexerTests.xctest */,
			);
			name = Products;
			sourceTree = "<group>";
		};
		DD54B4A01D7073E30030013E /* Literal Lexer */ = {
			isa = PBXGroup;
			children = (
				DDCF827A1D89A9890040448E /* LiteralLexer.swift */,
				DDD1BD621D7076C6005B1A98 /* Token.swift */,
			);
			path = "Literal Lexer";
			sourceTree = "<group>";
		};
		DD7835901D8006BC00B6B21C /* LiteralLexerTests */ = {
			isa = PBXGroup;
			children = (
				DD7835911D8006BC00B6B21C /* LiteralLexerTests.swift */,
				DD7835931D8006BC00B6B21C /* Info.plist */,
			);
			path = LiteralLexerTests;
			sourceTree = "<group>";
		};
		DDCF82811D89AFE40040448E /* Dependencies */ = {
			isa = PBXGroup;
			children = (
				DDCF82781D89A96E0040448E /* LexerProtocol.swift */,
			);
			name = Dependencies;
			path = "Literal Lexer";
			sourceTree = "<group>";
		};
/* End PBXGroup section */

/* Begin PBXNativeTarget section */
		DD78358E1D8006BC00B6B21C /* LiteralLexerTests */ = {
			isa = PBXNativeTarget;
			buildConfigurationList = DD7835961D8006BC00B6B21C /* Build configuration list for PBXNativeTarget "LiteralLexerTests" */;
			buildPhases = (
				DD78358B1D8006BC00B6B21C /* Sources */,
				DD78358C1D8006BC00B6B21C /* Frameworks */,
				DD78358D1D8006BC00B6B21C /* Resources */,
			);
			buildRules = (
			);
			dependencies = (
			);
			name = LiteralLexerTests;
			productName = LiteralLexerTests;
			productReference = DD78358F1D8006BC00B6B21C /* LiteralLexerTests.xctest */;
			productType = "com.apple.product-type.bundle.unit-test";
		};
/* End PBXNativeTarget section */

/* Begin PBXProject section */
		DD54B4961D7073E30030013E /* Project object */ = {
			isa = PBXProject;
			attributes = {
				LastSwiftUpdateCheck = 0800;
				LastUpgradeCheck = 0800;
				ORGANIZATIONNAME = "Marcus Rossel";
				TargetAttributes = {
					DD78358E1D8006BC00B6B21C = {
						CreatedOnToolsVersion = 8.0;
						DevelopmentTeam = 8YSJ38HAEZ;
						DevelopmentTeamName = "Marcus Rossel (Personal Team)";
						ProvisioningStyle = Automatic;
					};
				};
			};
			buildConfigurationList = DD54B4991D7073E30030013E /* Build configuration list for PBXProject "Literal Lexer" */;
			compatibilityVersion = "Xcode 3.2";
			developmentRegion = English;
			hasScannedForEncodings = 0;
			knownRegions = (
				en,
			);
			mainGroup = DD54B4951D7073E30030013E;
			productRefGroup = DD54B49F1D7073E30030013E /* Products */;
			projectDirPath = "";
			projectRoot = "";
			targets = (
				DD78358E1D8006BC00B6B21C /* LiteralLexerTests */,
			);
		};
/* End PBXProject section */

/* Begin PBXResourcesBuildPhase section */
		DD78358D1D8006BC00B6B21C /* Resources */ = {
			isa = PBXResourcesBuildPhase;
			buildActionMask = 2147483647;
			files = (
			);
			runOnlyForDeploymentPostprocessing = 0;
		};
/* End PBXResourcesBuildPhase section */

/* Begin PBXSourcesBuildPhase section */
		DD78358B1D8006BC00B6B21C /* Sources */ = {
			isa = PBXSourcesBuildPhase;
			buildActionMask = 2147483647;
			files = (
				DDCF82791D89A96E0040448E /* LexerProtocol.swift in Sources */,
				DD7835921D8006BC00B6B21C /* LiteralLexerTests.swift in Sources */,
				DDCF827B1D89A9890040448E /* LiteralLexer.swift in Sources */,
				DD7835971D8009E600B6B21C /* Token.swift in Sources */,
			);
			runOnlyForDeploymentPostprocessing = 0;
		};
/* End PBXSourcesBuildPhase section */

/* Begin XCBuildConfiguration section */
		DD54B4A31D7073E30030013E /* Debug */ = {
			isa = XCBuildConfiguration;
			buildSettings = {
				ALWAYS_SEARCH_USER_PATHS = NO;
				CLANG_ANALYZER_NONNULL = YES;
				CLANG_CXX_LANGUAGE_STANDARD = "gnu++0x";
				CLANG_CXX_LIBRARY = "libc++";
				CLANG_ENABLE_MODULES = YES;
				CLANG_ENABLE_OBJC_ARC = YES;
				CLANG_WARN_BOOL_CONVERSION = YES;
				CLANG_WARN_CONSTANT_CONVERSION = YES;
				CLANG_WARN_DIRECT_OBJC_ISA_USAGE = YES_ERROR;
				CLANG_WARN_DOCUMENTATION_COMMENTS = YES;
				CLANG_WARN_EMPTY_BODY = YES;
				CLANG_WARN_ENUM_CONVERSION = YES;
				CLANG_WARN_INT_CONVERSION = YES;
				CLANG_WARN_OBJC_ROOT_CLASS = YES_ERROR;
				CLANG_WARN_UNREACHABLE_CODE = YES;
				CLANG_WARN__DUPLICATE_METHOD_MATCH = YES;
				CODE_SIGN_IDENTITY = "-";
				COPY_PHASE_STRIP = NO;
				DEBUG_INFORMATION_FORMAT = dwarf;
				ENABLE_STRICT_OBJC_MSGSEND = YES;
				ENABLE_TESTABILITY = YES;
				GCC_C_LANGUAGE_STANDARD = gnu99;
				GCC_DYNAMIC_NO_PIC = NO;
				GCC_NO_COMMON_BLOCKS = YES;
				GCC_OPTIMIZATION_LEVEL = 0;
				GCC_PREPROCESSOR_DEFINITIONS = (
					"DEBUG=1",
					"$(inherited)",
				);
				GCC_WARN_64_TO_32_BIT_CONVERSION = YES;
				GCC_WARN_ABOUT_RETURN_TYPE = YES_ERROR;
				GCC_WARN_UNDECLARED_SELECTOR = YES;
				GCC_WARN_UNINITIALIZED_AUTOS = YES_AGGRESSIVE;
				GCC_WARN_UNUSED_FUNCTION = YES;
				GCC_WARN_UNUSED_VARIABLE = YES;
				MACOSX_DEPLOYMENT_TARGET = 10.12;
				MTL_ENABLE_DEBUG_INFO = YES;
				ONLY_ACTIVE_ARCH = YES;
				SDKROOT = macosx;
				SWIFT_OPTIMIZATION_LEVEL = "-Onone";
			};
			name = Debug;
		};
		DD54B4A41D7073E30030013E /* Release */ = {
			isa = XCBuildConfiguration;
			buildSettings = {
				ALWAYS_SEARCH_USER_PATHS = NO;
				CLANG_ANALYZER_NONNULL = YES;
				CLANG_CXX_LANGUAGE_STANDARD = "gnu++0x";
				CLANG_CXX_LIBRARY = "libc++";
				CLANG_ENABLE_MODULES = YES;
				CLANG_ENABLE_OBJC_ARC = YES;
				CLANG_WARN_BOOL_CONVERSION = YES;
				CLANG_WARN_CONSTANT_CONVERSION = YES;
				CLANG_WARN_DIRECT_OBJC_ISA_USAGE = YES_ERROR;
				CLANG_WARN_DOCUMENTATION_COMMENTS = YES;
				CLANG_WARN_EMPTY_BODY = YES;
				CLANG_WARN_ENUM_CONVERSION = YES;
				CLANG_WARN_INT_CONVERSION = YES;
				CLANG_WARN_OBJC_ROOT_CLASS = YES_ERROR;
				CLANG_WARN_UNREACHABLE_CODE = YES;
				CLANG_WARN__DUPLICATE_METHOD_MATCH = YES;
				CODE_SIGN_IDENTITY = "-";
				COPY_PHASE_STRIP = NO;
				DEBUG_INFORMATION_FORMAT = "dwarf-with-dsym";
				ENABLE_NS_ASSERTIONS = NO;
				ENABLE_STRICT_OBJC_MSGSEND = YES;
				GCC_C_LANGUAGE_STANDARD = gnu99;
				GCC_NO_COMMON_BLOCKS = YES;
				GCC_WARN_64_TO_32_BIT_CONVERSION = YES;
				GCC_WARN_ABOUT_RETURN_TYPE = YES_ERROR;
				GCC_WARN_UNDECLARED_SELECTOR = YES;
				GCC_WARN_UNINITIALIZED_AUTOS = YES_AGGRESSIVE;
				GCC_WARN_UNUSED_FUNCTION = YES;
				GCC_WARN_UNUSED_VARIABLE = YES;
				MACOSX_DEPLOYMENT_TARGET = 10.12;
				MTL_ENABLE_DEBUG_INFO = NO;
				SDKROOT = macosx;
			};
			name = Release;
		};
		DD7835941D8006BC00B6B21C /* Debug */ = {
			isa = XCBuildConfiguration;
			buildSettings = {
				COMBINE_HIDPI_IMAGES = YES;
				INFOPLIST_FILE = LiteralLexerTests/Info.plist;
				LD_RUNPATH_SEARCH_PATHS = "$(inherited) @executable_path/../Frameworks @loader_path/../Frameworks";
				PRODUCT_BUNDLE_IDENTIFIER = com.marcusrossel.LiteralLexerTests;
				PRODUCT_NAME = "$(TARGET_NAME)";
				SWIFT_ACTIVE_COMPILATION_CONDITIONS = DEBUG;
				SWIFT_VERSION = 3.0;
			};
			name = Debug;
		};
		DD7835951D8006BC00B6B21C /* Release */ = {
			isa = XCBuildConfiguration;
			buildSettings = {
				COMBINE_HIDPI_IMAGES = YES;
				INFOPLIST_FILE = LiteralLexerTests/Info.plist;
				LD_RUNPATH_SEARCH_PATHS = "$(inherited) @executable_path/../Frameworks @loader_path/../Frameworks";
				PRODUCT_BUNDLE_IDENTIFIER = com.marcusrossel.LiteralLexerTests;
				PRODUCT_NAME = "$(TARGET_NAME)";
				SWIFT_OPTIMIZATION_LEVEL = "-Owholemodule";
				SWIFT_VERSION = 3.0;
			};
			name = Release;
		};
/* End XCBuildConfiguration section */

/* Begin XCConfigurationList section */
		DD54B4991D7073E30030013E /* Build configuration list for PBXProject "Literal Lexer" */ = {
			isa = XCConfigurationList;
			buildConfigurations = (
				DD54B4A31D7073E30030013E /* Debug */,
				DD54B4A41D7073E30030013E /* Release */,
			);
			defaultConfigurationIsVisible = 0;
			defaultConfigurationName = Release;
		};
		DD7835961D8006BC00B6B21C /* Build configuration list for PBXNativeTarget "LiteralLexerTests" */ = {
			isa = XCConfigurationList;
			buildConfigurations = (
				DD7835941D8006BC00B6B21C /* Debug */,
				DD7835951D8006BC00B6B21C /* Release */,
			);
			defaultConfigurationIsVisible = 0;
			defaultConfigurationName = Release;
		};
/* End XCConfigurationList section */
	};
	rootObject = DD54B4961D7073E30030013E /* Project object */;
}
